// !$*UTF8*$!
{
	archiveVersion = 1;
	classes = {
	};
	objectVersion = 51;
	objects = {

/* Begin PBXBuildFile section */
		6F6629E8EE2C13CBEE39373F /* Pods_CS4530_TA_Queue.framework in Frameworks */ = {isa = PBXBuildFile; fileRef = 89D623D7BEB776DE158909ED /* Pods_CS4530_TA_Queue.framework */; };
		77351BAF226E264400A71DAD /* AppDelegate.swift in Sources */ = {isa = PBXBuildFile; fileRef = 77351BAE226E264400A71DAD /* AppDelegate.swift */; };
		77351BB4226E264400A71DAD /* Main.storyboard in Resources */ = {isa = PBXBuildFile; fileRef = 77351BB2226E264400A71DAD /* Main.storyboard */; };
		77351BB7226E264400A71DAD /* CS4530_TA_Queue.xcdatamodeld in Sources */ = {isa = PBXBuildFile; fileRef = 77351BB5226E264400A71DAD /* CS4530_TA_Queue.xcdatamodeld */; };
		77351BB9226E264500A71DAD /* Assets.xcassets in Resources */ = {isa = PBXBuildFile; fileRef = 77351BB8226E264500A71DAD /* Assets.xcassets */; };
		77351BBC226E264500A71DAD /* LaunchScreen.storyboard in Resources */ = {isa = PBXBuildFile; fileRef = 77351BBA226E264500A71DAD /* LaunchScreen.storyboard */; };
		77351BC4226E28CB00A71DAD /* LoginViewController.swift in Sources */ = {isa = PBXBuildFile; fileRef = 77351BC3226E28CB00A71DAD /* LoginViewController.swift */; };
		77351BC6226E2A4700A71DAD /* WebService.swift in Sources */ = {isa = PBXBuildFile; fileRef = 77351BC5226E2A4700A71DAD /* WebService.swift */; };
		77351BC8226E2E8200A71DAD /* WebReponseModel.swift in Sources */ = {isa = PBXBuildFile; fileRef = 77351BC7226E2E8200A71DAD /* WebReponseModel.swift */; };
		77351BCA226E2F4B00A71DAD /* User.swift in Sources */ = {isa = PBXBuildFile; fileRef = 77351BC9226E2F4B00A71DAD /* User.swift */; };
		7744590D2270DDD900192FAD /* Manager.swift in Sources */ = {isa = PBXBuildFile; fileRef = 7744590C2270DDD900192FAD /* Manager.swift */; };
		7744590F22721B1300192FAD /* ClassViewController.swift in Sources */ = {isa = PBXBuildFile; fileRef = 7744590E22721B1300192FAD /* ClassViewController.swift */; };
		774459142272269600192FAD /* Course.swift in Sources */ = {isa = PBXBuildFile; fileRef = 774459132272269600192FAD /* Course.swift */; };
		777712762274FCAA00CC09D2 /* CourseCell.swift in Sources */ = {isa = PBXBuildFile; fileRef = 777712752274FCAA00CC09D2 /* CourseCell.swift */; };
		777712782274FF5800CC09D2 /* Extension.swift in Sources */ = {isa = PBXBuildFile; fileRef = 777712772274FF5800CC09D2 /* Extension.swift */; };
		777F29E22276274900CD1850 /* QueueViewController.swift in Sources */ = {isa = PBXBuildFile; fileRef = 777F29E12276274900CD1850 /* QueueViewController.swift */; };
		777F29E622762B3100CD1850 /* Queue.swift in Sources */ = {isa = PBXBuildFile; fileRef = 777F29E522762B3100CD1850 /* Queue.swift */; };
		777F29EE22778A9300CD1850 /* QueueCell.swift in Sources */ = {isa = PBXBuildFile; fileRef = 777F29ED22778A9300CD1850 /* QueueCell.swift */; };
		926F557F22A830CF00E17C4B /* QueueAPI.swift in Sources */ = {isa = PBXBuildFile; fileRef = 926F557E22A830CF00E17C4B /* QueueAPI.swift */; };
/* End PBXBuildFile section */

/* Begin PBXFileReference section */
		4B724CFD56503A90C806272D /* Pods-CS4530_TA_Queue.release.xcconfig */ = {isa = PBXFileReference; includeInIndex = 1; lastKnownFileType = text.xcconfig; name = "Pods-CS4530_TA_Queue.release.xcconfig"; path = "Pods/Target Support Files/Pods-CS4530_TA_Queue/Pods-CS4530_TA_Queue.release.xcconfig"; sourceTree = "<group>"; };
		77351BAB226E264400A71DAD /* CS4530_TA_Queue.app */ = {isa = PBXFileReference; explicitFileType = wrapper.application; includeInIndex = 0; path = CS4530_TA_Queue.app; sourceTree = BUILT_PRODUCTS_DIR; };
		77351BAE226E264400A71DAD /* AppDelegate.swift */ = {isa = PBXFileReference; lastKnownFileType = sourcecode.swift; path = AppDelegate.swift; sourceTree = "<group>"; };
		77351BB3226E264400A71DAD /* Base */ = {isa = PBXFileReference; lastKnownFileType = file.storyboard; name = Base; path = Base.lproj/Main.storyboard; sourceTree = "<group>"; };
		77351BB6226E264400A71DAD /* CS4530_TA_Queue.xcdatamodel */ = {isa = PBXFileReference; lastKnownFileType = wrapper.xcdatamodel; path = CS4530_TA_Queue.xcdatamodel; sourceTree = "<group>"; };
		77351BB8226E264500A71DAD /* Assets.xcassets */ = {isa = PBXFileReference; lastKnownFileType = folder.assetcatalog; path = Assets.xcassets; sourceTree = "<group>"; };
		77351BBB226E264500A71DAD /* Base */ = {isa = PBXFileReference; lastKnownFileType = file.storyboard; name = Base; path = Base.lproj/LaunchScreen.storyboard; sourceTree = "<group>"; };
		77351BBD226E264500A71DAD /* Info.plist */ = {isa = PBXFileReference; lastKnownFileType = text.plist.xml; path = Info.plist; sourceTree = "<group>"; };
		77351BC3226E28CB00A71DAD /* LoginViewController.swift */ = {isa = PBXFileReference; lastKnownFileType = sourcecode.swift; path = LoginViewController.swift; sourceTree = "<group>"; };
		77351BC5226E2A4700A71DAD /* WebService.swift */ = {isa = PBXFileReference; lastKnownFileType = sourcecode.swift; path = WebService.swift; sourceTree = "<group>"; };
		77351BC7226E2E8200A71DAD /* WebReponseModel.swift */ = {isa = PBXFileReference; lastKnownFileType = sourcecode.swift; path = WebReponseModel.swift; sourceTree = "<group>"; };
		77351BC9226E2F4B00A71DAD /* User.swift */ = {isa = PBXFileReference; lastKnownFileType = sourcecode.swift; path = User.swift; sourceTree = "<group>"; };
		7744590C2270DDD900192FAD /* Manager.swift */ = {isa = PBXFileReference; lastKnownFileType = sourcecode.swift; path = Manager.swift; sourceTree = "<group>"; };
		7744590E22721B1300192FAD /* ClassViewController.swift */ = {isa = PBXFileReference; lastKnownFileType = sourcecode.swift; path = ClassViewController.swift; sourceTree = "<group>"; };
		774459132272269600192FAD /* Course.swift */ = {isa = PBXFileReference; lastKnownFileType = sourcecode.swift; path = Course.swift; sourceTree = "<group>"; };
		777712752274FCAA00CC09D2 /* CourseCell.swift */ = {isa = PBXFileReference; lastKnownFileType = sourcecode.swift; path = CourseCell.swift; sourceTree = "<group>"; };
		777712772274FF5800CC09D2 /* Extension.swift */ = {isa = PBXFileReference; lastKnownFileType = sourcecode.swift; path = Extension.swift; sourceTree = "<group>"; };
		777F29E12276274900CD1850 /* QueueViewController.swift */ = {isa = PBXFileReference; lastKnownFileType = sourcecode.swift; path = QueueViewController.swift; sourceTree = "<group>"; };
		777F29E522762B3100CD1850 /* Queue.swift */ = {isa = PBXFileReference; lastKnownFileType = sourcecode.swift; path = Queue.swift; sourceTree = "<group>"; };
		777F29ED22778A9300CD1850 /* QueueCell.swift */ = {isa = PBXFileReference; lastKnownFileType = sourcecode.swift; path = QueueCell.swift; sourceTree = "<group>"; };
		89D623D7BEB776DE158909ED /* Pods_CS4530_TA_Queue.framework */ = {isa = PBXFileReference; explicitFileType = wrapper.framework; includeInIndex = 0; path = Pods_CS4530_TA_Queue.framework; sourceTree = BUILT_PRODUCTS_DIR; };
		926F557E22A830CF00E17C4B /* QueueAPI.swift */ = {isa = PBXFileReference; lastKnownFileType = sourcecode.swift; path = QueueAPI.swift; sourceTree = "<group>"; };
		D332D3ABC2D0F61A00FF4A6E /* Pods-CS4530_TA_Queue.debug.xcconfig */ = {isa = PBXFileReference; includeInIndex = 1; lastKnownFileType = text.xcconfig; name = "Pods-CS4530_TA_Queue.debug.xcconfig"; path = "Pods/Target Support Files/Pods-CS4530_TA_Queue/Pods-CS4530_TA_Queue.debug.xcconfig"; sourceTree = "<group>"; };
/* End PBXFileReference section */

/* Begin PBXFrameworksBuildPhase section */
		77351BA8226E264400A71DAD /* Frameworks */ = {
			isa = PBXFrameworksBuildPhase;
			buildActionMask = 2147483647;
			files = (
				6F6629E8EE2C13CBEE39373F /* Pods_CS4530_TA_Queue.framework in Frameworks */,
			);
			runOnlyForDeploymentPostprocessing = 0;
		};
/* End PBXFrameworksBuildPhase section */

/* Begin PBXGroup section */
		6E6708B0449EB8A3677D752B /* Pods */ = {
			isa = PBXGroup;
			children = (
				D332D3ABC2D0F61A00FF4A6E /* Pods-CS4530_TA_Queue.debug.xcconfig */,
				4B724CFD56503A90C806272D /* Pods-CS4530_TA_Queue.release.xcconfig */,
			);
			name = Pods;
			sourceTree = "<group>";
		};
		7675C17ACCA0FF7167A481D4 /* Frameworks */ = {
			isa = PBXGroup;
			children = (
				89D623D7BEB776DE158909ED /* Pods_CS4530_TA_Queue.framework */,
			);
			name = Frameworks;
			sourceTree = "<group>";
		};
		77351BA2226E264400A71DAD = {
			isa = PBXGroup;
			children = (
				77351BAD226E264400A71DAD /* CS4530_TA_Queue */,
				77351BAC226E264400A71DAD /* Products */,
				6E6708B0449EB8A3677D752B /* Pods */,
				7675C17ACCA0FF7167A481D4 /* Frameworks */,
			);
			sourceTree = "<group>";
		};
		77351BAC226E264400A71DAD /* Products */ = {
			isa = PBXGroup;
			children = (
				77351BAB226E264400A71DAD /* CS4530_TA_Queue.app */,
			);
			name = Products;
			sourceTree = "<group>";
		};
		77351BAD226E264400A71DAD /* CS4530_TA_Queue */ = {
			isa = PBXGroup;
			children = (
				7744591222721C9200192FAD /* Controller */,
				7744591122721C7800192FAD /* View */,
				7744591022721C4600192FAD /* Model */,
				77351BAE226E264400A71DAD /* AppDelegate.swift */,
				77351BB2226E264400A71DAD /* Main.storyboard */,
				77351BB8226E264500A71DAD /* Assets.xcassets */,
				77351BBA226E264500A71DAD /* LaunchScreen.storyboard */,
				77351BBD226E264500A71DAD /* Info.plist */,
				77351BB5226E264400A71DAD /* CS4530_TA_Queue.xcdatamodeld */,
			);
			path = CS4530_TA_Queue;
			sourceTree = "<group>";
		};
		7744591022721C4600192FAD /* Model */ = {
			isa = PBXGroup;
			children = (
				77351BC7226E2E8200A71DAD /* WebReponseModel.swift */,
				77351BC5226E2A4700A71DAD /* WebService.swift */,
				926F557E22A830CF00E17C4B /* QueueAPI.swift */,
				7744590C2270DDD900192FAD /* Manager.swift */,
				77351BC9226E2F4B00A71DAD /* User.swift */,
				774459132272269600192FAD /* Course.swift */,
				777F29E522762B3100CD1850 /* Queue.swift */,
			);
			path = Model;
			sourceTree = "<group>";
		};
		7744591122721C7800192FAD /* View */ = {
			isa = PBXGroup;
			children = (
				777712752274FCAA00CC09D2 /* CourseCell.swift */,
				777712772274FF5800CC09D2 /* Extension.swift */,
				777F29ED22778A9300CD1850 /* QueueCell.swift */,
			);
			path = View;
			sourceTree = "<group>";
		};
		7744591222721C9200192FAD /* Controller */ = {
			isa = PBXGroup;
			children = (
				77351BC3226E28CB00A71DAD /* LoginViewController.swift */,
				7744590E22721B1300192FAD /* ClassViewController.swift */,
				777F29E12276274900CD1850 /* QueueViewController.swift */,
			);
			path = Controller;
			sourceTree = "<group>";
		};
/* End PBXGroup section */

/* Begin PBXNativeTarget section */
		77351BAA226E264400A71DAD /* CS4530_TA_Queue */ = {
			isa = PBXNativeTarget;
			buildConfigurationList = 77351BC0226E264500A71DAD /* Build configuration list for PBXNativeTarget "CS4530_TA_Queue" */;
			buildPhases = (
				D8EED05494B079B0F04ECC4A /* [CP] Check Pods Manifest.lock */,
				77351BA7226E264400A71DAD /* Sources */,
				77351BA8226E264400A71DAD /* Frameworks */,
				77351BA9226E264400A71DAD /* Resources */,
				DAC5D0D07CDE17D6D3BCBB6C /* [CP] Embed Pods Frameworks */,
			);
			buildRules = (
			);
			dependencies = (
			);
			name = CS4530_TA_Queue;
			productName = CS4530_TA_Queue;
			productReference = 77351BAB226E264400A71DAD /* CS4530_TA_Queue.app */;
			productType = "com.apple.product-type.application";
		};
/* End PBXNativeTarget section */

/* Begin PBXProject section */
		77351BA3226E264400A71DAD /* Project object */ = {
			isa = PBXProject;
			attributes = {
				LastSwiftUpdateCheck = 1020;
				LastUpgradeCheck = 1020;
				ORGANIZATIONNAME = "Wei-Tung Tang";
				TargetAttributes = {
					77351BAA226E264400A71DAD = {
						CreatedOnToolsVersion = 10.2.1;
					};
				};
			};
			buildConfigurationList = 77351BA6226E264400A71DAD /* Build configuration list for PBXProject "CS4530_TA_Queue" */;
			compatibilityVersion = "Xcode 9.3";
			developmentRegion = en;
			hasScannedForEncodings = 0;
			knownRegions = (
				en,
				Base,
			);
			mainGroup = 77351BA2226E264400A71DAD;
			productRefGroup = 77351BAC226E264400A71DAD /* Products */;
			projectDirPath = "";
			projectRoot = "";
			targets = (
				77351BAA226E264400A71DAD /* CS4530_TA_Queue */,
			);
		};
/* End PBXProject section */

/* Begin PBXResourcesBuildPhase section */
		77351BA9226E264400A71DAD /* Resources */ = {
			isa = PBXResourcesBuildPhase;
			buildActionMask = 2147483647;
			files = (
				77351BBC226E264500A71DAD /* LaunchScreen.storyboard in Resources */,
				77351BB9226E264500A71DAD /* Assets.xcassets in Resources */,
				77351BB4226E264400A71DAD /* Main.storyboard in Resources */,
			);
			runOnlyForDeploymentPostprocessing = 0;
		};
/* End PBXResourcesBuildPhase section */

/* Begin PBXShellScriptBuildPhase section */
		D8EED05494B079B0F04ECC4A /* [CP] Check Pods Manifest.lock */ = {
			isa = PBXShellScriptBuildPhase;
			buildActionMask = 2147483647;
			files = (
			);
			inputFileListPaths = (
			);
			inputPaths = (
				"${PODS_PODFILE_DIR_PATH}/Podfile.lock",
				"${PODS_ROOT}/Manifest.lock",
			);
			name = "[CP] Check Pods Manifest.lock";
			outputFileListPaths = (
			);
			outputPaths = (
				"$(DERIVED_FILE_DIR)/Pods-CS4530_TA_Queue-checkManifestLockResult.txt",
			);
			runOnlyForDeploymentPostprocessing = 0;
			shellPath = /bin/sh;
			shellScript = "diff \"${PODS_PODFILE_DIR_PATH}/Podfile.lock\" \"${PODS_ROOT}/Manifest.lock\" > /dev/null\nif [ $? != 0 ] ; then\n    # print error to STDERR\n    echo \"error: The sandbox is not in sync with the Podfile.lock. Run 'pod install' or update your CocoaPods installation.\" >&2\n    exit 1\nfi\n# This output is used by Xcode 'outputs' to avoid re-running this script phase.\necho \"SUCCESS\" > \"${SCRIPT_OUTPUT_FILE_0}\"\n";
			showEnvVarsInLog = 0;
		};
		DAC5D0D07CDE17D6D3BCBB6C /* [CP] Embed Pods Frameworks */ = {
			isa = PBXShellScriptBuildPhase;
			buildActionMask = 2147483647;
			files = (
			);
			inputFileListPaths = (
				"${PODS_ROOT}/Target Support Files/Pods-CS4530_TA_Queue/Pods-CS4530_TA_Queue-frameworks-${CONFIGURATION}-input-files.xcfilelist",
			);
			name = "[CP] Embed Pods Frameworks";
			outputFileListPaths = (
				"${PODS_ROOT}/Target Support Files/Pods-CS4530_TA_Queue/Pods-CS4530_TA_Queue-frameworks-${CONFIGURATION}-output-files.xcfilelist",
			);
			runOnlyForDeploymentPostprocessing = 0;
			shellPath = /bin/sh;
			shellScript = "\"${PODS_ROOT}/Target Support Files/Pods-CS4530_TA_Queue/Pods-CS4530_TA_Queue-frameworks.sh\"\n";
			showEnvVarsInLog = 0;
		};
/* End PBXShellScriptBuildPhase section */

/* Begin PBXSourcesBuildPhase section */
		77351BA7226E264400A71DAD /* Sources */ = {
			isa = PBXSourcesBuildPhase;
			buildActionMask = 2147483647;
			files = (
				774459142272269600192FAD /* Course.swift in Sources */,
				777F29E622762B3100CD1850 /* Queue.swift in Sources */,
				77351BC4226E28CB00A71DAD /* LoginViewController.swift in Sources */,
				7744590F22721B1300192FAD /* ClassViewController.swift in Sources */,
				77351BB7226E264400A71DAD /* CS4530_TA_Queue.xcdatamodeld in Sources */,
				777712782274FF5800CC09D2 /* Extension.swift in Sources */,
				777712762274FCAA00CC09D2 /* CourseCell.swift in Sources */,
				77351BCA226E2F4B00A71DAD /* User.swift in Sources */,
				77351BC8226E2E8200A71DAD /* WebReponseModel.swift in Sources */,
				777F29E22276274900CD1850 /* QueueViewController.swift in Sources */,
				7744590D2270DDD900192FAD /* Manager.swift in Sources */,
				77351BC6226E2A4700A71DAD /* WebService.swift in Sources */,
				77351BAF226E264400A71DAD /* AppDelegate.swift in Sources */,
				777F29EE22778A9300CD1850 /* QueueCell.swift in Sources */,
				926F557F22A830CF00E17C4B /* QueueAPI.swift in Sources */,
			);
			runOnlyForDeploymentPostprocessing = 0;
		};
/* End PBXSourcesBuildPhase section */

/* Begin PBXVariantGroup section */
		77351BB2226E264400A71DAD /* Main.storyboard */ = {
			isa = PBXVariantGroup;
			children = (
				77351BB3226E264400A71DAD /* Base */,
			);
			name = Main.storyboard;
			sourceTree = "<group>";
		};
		77351BBA226E264500A71DAD /* LaunchScreen.storyboard */ = {
			isa = PBXVariantGroup;
			children = (
				77351BBB226E264500A71DAD /* Base */,
			);
			name = LaunchScreen.storyboard;
			sourceTree = "<group>";
		};
/* End PBXVariantGroup section */

/* Begin XCBuildConfiguration section */
		77351BBE226E264500A71DAD /* Debug */ = {
			isa = XCBuildConfiguration;
			buildSettings = {
				ALWAYS_SEARCH_USER_PATHS = NO;
				CLANG_ANALYZER_NONNULL = YES;
				CLANG_ANALYZER_NUMBER_OBJECT_CONVERSION = YES_AGGRESSIVE;
				CLANG_CXX_LANGUAGE_STANDARD = "gnu++14";
				CLANG_CXX_LIBRARY = "libc++";
				CLANG_ENABLE_MODULES = YES;
				CLANG_ENABLE_OBJC_ARC = YES;
				CLANG_ENABLE_OBJC_WEAK = YES;
				CLANG_WARN_BLOCK_CAPTURE_AUTORELEASING = YES;
				CLANG_WARN_BOOL_CONVERSION = YES;
				CLANG_WARN_COMMA = YES;
				CLANG_WARN_CONSTANT_CONVERSION = YES;
				CLANG_WARN_DEPRECATED_OBJC_IMPLEMENTATIONS = YES;
				CLANG_WARN_DIRECT_OBJC_ISA_USAGE = YES_ERROR;
				CLANG_WARN_DOCUMENTATION_COMMENTS = YES;
				CLANG_WARN_EMPTY_BODY = YES;
				CLANG_WARN_ENUM_CONVERSION = YES;
				CLANG_WARN_INFINITE_RECURSION = YES;
				CLANG_WARN_INT_CONVERSION = YES;
				CLANG_WARN_NON_LITERAL_NULL_CONVERSION = YES;
				CLANG_WARN_OBJC_IMPLICIT_RETAIN_SELF = YES;
				CLANG_WARN_OBJC_LITERAL_CONVERSION = YES;
				CLANG_WARN_OBJC_ROOT_CLASS = YES_ERROR;
				CLANG_WARN_RANGE_LOOP_ANALYSIS = YES;
				CLANG_WARN_STRICT_PROTOTYPES = YES;
				CLANG_WARN_SUSPICIOUS_MOVE = YES;
				CLANG_WARN_UNGUARDED_AVAILABILITY = YES_AGGRESSIVE;
				CLANG_WARN_UNREACHABLE_CODE = YES;
				CLANG_WARN__DUPLICATE_METHOD_MATCH = YES;
				CODE_SIGN_IDENTITY = "iPhone Developer";
				COPY_PHASE_STRIP = NO;
				DEBUG_INFORMATION_FORMAT = dwarf;
				ENABLE_STRICT_OBJC_MSGSEND = YES;
				ENABLE_TESTABILITY = YES;
				GCC_C_LANGUAGE_STANDARD = gnu11;
				GCC_DYNAMIC_NO_PIC = NO;
				GCC_NO_COMMON_BLOCKS = YES;
				GCC_OPTIMIZATION_LEVEL = 0;
				GCC_PREPROCESSOR_DEFINITIONS = (
					"DEBUG=1",
					"$(inherited)",
				);
				GCC_WARN_64_TO_32_BIT_CONVERSION = YES;
				GCC_WARN_ABOUT_RETURN_TYPE = YES_ERROR;
				GCC_WARN_UNDECLARED_SELECTOR = YES;
				GCC_WARN_UNINITIALIZED_AUTOS = YES_AGGRESSIVE;
				GCC_WARN_UNUSED_FUNCTION = YES;
				GCC_WARN_UNUSED_VARIABLE = YES;
				IPHONEOS_DEPLOYMENT_TARGET = 12.2;
				MTL_ENABLE_DEBUG_INFO = INCLUDE_SOURCE;
				MTL_FAST_MATH = YES;
				ONLY_ACTIVE_ARCH = YES;
				SDKROOT = iphoneos;
				SWIFT_ACTIVE_COMPILATION_CONDITIONS = DEBUG;
				SWIFT_OPTIMIZATION_LEVEL = "-Onone";
			};
			name = Debug;
		};
		77351BBF226E264500A71DAD /* Release */ = {
			isa = XCBuildConfiguration;
			buildSettings = {
				ALWAYS_SEARCH_USER_PATHS = NO;
				CLANG_ANALYZER_NONNULL = YES;
				CLANG_ANALYZER_NUMBER_OBJECT_CONVERSION = YES_AGGRESSIVE;
				CLANG_CXX_LANGUAGE_STANDARD = "gnu++14";
				CLANG_CXX_LIBRARY = "libc++";
				CLANG_ENABLE_MODULES = YES;
				CLANG_ENABLE_OBJC_ARC = YES;
				CLANG_ENABLE_OBJC_WEAK = YES;
				CLANG_WARN_BLOCK_CAPTURE_AUTORELEASING = YES;
				CLANG_WARN_BOOL_CONVERSION = YES;
				CLANG_WARN_COMMA = YES;
				CLANG_WARN_CONSTANT_CONVERSION = YES;
				CLANG_WARN_DEPRECATED_OBJC_IMPLEMENTATIONS = YES;
				CLANG_WARN_DIRECT_OBJC_ISA_USAGE = YES_ERROR;
				CLANG_WARN_DOCUMENTATION_COMMENTS = YES;
				CLANG_WARN_EMPTY_BODY = YES;
				CLANG_WARN_ENUM_CONVERSION = YES;
				CLANG_WARN_INFINITE_RECURSION = YES;
				CLANG_WARN_INT_CONVERSION = YES;
				CLANG_WARN_NON_LITERAL_NULL_CONVERSION = YES;
				CLANG_WARN_OBJC_IMPLICIT_RETAIN_SELF = YES;
				CLANG_WARN_OBJC_LITERAL_CONVERSION = YES;
				CLANG_WARN_OBJC_ROOT_CLASS = YES_ERROR;
				CLANG_WARN_RANGE_LOOP_ANALYSIS = YES;
				CLANG_WARN_STRICT_PROTOTYPES = YES;
				CLANG_WARN_SUSPICIOUS_MOVE = YES;
				CLANG_WARN_UNGUARDED_AVAILABILITY = YES_AGGRESSIVE;
				CLANG_WARN_UNREACHABLE_CODE = YES;
				CLANG_WARN__DUPLICATE_METHOD_MATCH = YES;
				CODE_SIGN_IDENTITY = "iPhone Developer";
				COPY_PHASE_STRIP = NO;
				DEBUG_INFORMATION_FORMAT = "dwarf-with-dsym";
				ENABLE_NS_ASSERTIONS = NO;
				ENABLE_STRICT_OBJC_MSGSEND = YES;
				GCC_C_LANGUAGE_STANDARD = gnu11;
				GCC_NO_COMMON_BLOCKS = YES;
				GCC_WARN_64_TO_32_BIT_CONVERSION = YES;
				GCC_WARN_ABOUT_RETURN_TYPE = YES_ERROR;
				GCC_WARN_UNDECLARED_SELECTOR = YES;
				GCC_WARN_UNINITIALIZED_AUTOS = YES_AGGRESSIVE;
				GCC_WARN_UNUSED_FUNCTION = YES;
				GCC_WARN_UNUSED_VARIABLE = YES;
				IPHONEOS_DEPLOYMENT_TARGET = 12.2;
				MTL_ENABLE_DEBUG_INFO = NO;
				MTL_FAST_MATH = YES;
				SDKROOT = iphoneos;
				SWIFT_COMPILATION_MODE = wholemodule;
				SWIFT_OPTIMIZATION_LEVEL = "-O";
				VALIDATE_PRODUCT = YES;
			};
			name = Release;
		};
		77351BC1226E264500A71DAD /* Debug */ = {
			isa = XCBuildConfiguration;
			baseConfigurationReference = D332D3ABC2D0F61A00FF4A6E /* Pods-CS4530_TA_Queue.debug.xcconfig */;
			buildSettings = {
				ASSETCATALOG_COMPILER_APPICON_NAME = AppIcon;
				CODE_SIGN_STYLE = Automatic;
				INFOPLIST_FILE = CS4530_TA_Queue/Info.plist;
				LD_RUNPATH_SEARCH_PATHS = (
					"$(inherited)",
					"@executable_path/Frameworks",
				);
				PRODUCT_BUNDLE_IDENTIFIER = "cs.utah.edu.CS4530-TA-Queue";
				PRODUCT_NAME = "$(TARGET_NAME)";
				SWIFT_VERSION = 5.0;
				TARGETED_DEVICE_FAMILY = "1,2";
			};
			name = Debug;
		};
		77351BC2226E264500A71DAD /* Release */ = {
			isa = XCBuildConfiguration;
			baseConfigurationReference = 4B724CFD56503A90C806272D /* Pods-CS4530_TA_Queue.release.xcconfig */;
			buildSettings = {
				ASSETCATALOG_COMPILER_APPICON_NAME = AppIcon;
				CODE_SIGN_STYLE = Automatic;
				INFOPLIST_FILE = CS4530_TA_Queue/Info.plist;
				LD_RUNPATH_SEARCH_PATHS = (
					"$(inherited)",
					"@executable_path/Frameworks",
				);
				PRODUCT_BUNDLE_IDENTIFIER = "cs.utah.edu.CS4530-TA-Queue";
				PRODUCT_NAME = "$(TARGET_NAME)";
				SWIFT_VERSION = 5.0;
				TARGETED_DEVICE_FAMILY = "1,2";
			};
			name = Release;
		};
/* End XCBuildConfiguration section */

/* Begin XCConfigurationList section */
		77351BA6226E264400A71DAD /* Build configuration list for PBXProject "CS4530_TA_Queue" */ = {
			isa = XCConfigurationList;
			buildConfigurations = (
				77351BBE226E264500A71DAD /* Debug */,
				77351BBF226E264500A71DAD /* Release */,
			);
			defaultConfigurationIsVisible = 0;
			defaultConfigurationName = Release;
		};
		77351BC0226E264500A71DAD /* Build configuration list for PBXNativeTarget "CS4530_TA_Queue" */ = {
			isa = XCConfigurationList;
			buildConfigurations = (
				77351BC1226E264500A71DAD /* Debug */,
				77351BC2226E264500A71DAD /* Release */,
			);
			defaultConfigurationIsVisible = 0;
			defaultConfigurationName = Release;
		};
/* End XCConfigurationList section */

/* Begin XCVersionGroup section */
		77351BB5226E264400A71DAD /* CS4530_TA_Queue.xcdatamodeld */ = {
			isa = XCVersionGroup;
			children = (
				77351BB6226E264400A71DAD /* CS4530_TA_Queue.xcdatamodel */,
			);
			currentVersion = 77351BB6226E264400A71DAD /* CS4530_TA_Queue.xcdatamodel */;
			path = CS4530_TA_Queue.xcdatamodeld;
			sourceTree = "<group>";
			versionGroupType = wrapper.xcdatamodel;
		};
/* End XCVersionGroup section */
	};
	rootObject = 77351BA3226E264400A71DAD /* Project object */;
}
